<?xml version="1.0" encoding="utf-8"?>
<Project ToolsVersion="4.0" xmlns="http://schemas.microsoft.com/developer/msbuild/2003">
  <ItemGroup>
    <Filter Include="Source Files">
      <UniqueIdentifier>{4FC737F1-C7A5-4376-A066-2A32D752A2FF}</UniqueIdentifier>
      <Extensions>cpp;c;cc;cxx;def;odl;idl;hpj;bat;asm;asmx</Extensions>
    </Filter>
    <Filter Include="Header Files">
      <UniqueIdentifier>{93995380-89BD-4b04-88EB-625FBE52EBFB}</UniqueIdentifier>
      <Extensions>h;hh;hpp;hxx;hm;inl;inc;ipp;xsd</Extensions>
    </Filter>
    <Filter Include="Resource Files">
      <UniqueIdentifier>{67DA6AB6-F800-4c08-8B7A-83BB121AAD01}</UniqueIdentifier>
      <Extensions>rc;ico;cur;bmp;dlg;rc2;rct;bin;rgs;gif;jpg;jpeg;jpe;resx;tiff;tif;png;wav;mfcribbon-ms</Extensions>
    </Filter>
    <Filter Include="Header Files\Struct">
      <UniqueIdentifier>{c68b2a46-faa0-4118-b703-b15f7acf391f}</UniqueIdentifier>
    </Filter>
    <Filter Include="Header Files\Struct\Proxy">
      <UniqueIdentifier>{0baf39b1-216b-4cfb-bf75-3dde43f46cce}</UniqueIdentifier>
    </Filter>
    <Filter Include="Header Files\Tool">
      <UniqueIdentifier>{c8aff3b3-f7c9-45e2-9d0b-1c79d6271b58}</UniqueIdentifier>
    </Filter>
    <Filter Include="Source Files\RenderPass">
      <UniqueIdentifier>{c9fa0440-879d-43ab-a838-02979f67a3f3}</UniqueIdentifier>
    </Filter>
    <Filter Include="Header Files\RenderPass">
      <UniqueIdentifier>{92d28e41-5700-42f3-b79c-3aac016f4e41}</UniqueIdentifier>
    </Filter>
    <Filter Include="Shader Files">
      <UniqueIdentifier>{17e92507-9455-49a5-990c-1c4d5d9f3c4d}</UniqueIdentifier>
    </Filter>
    <Filter Include="Shader Files\Shared">
      <UniqueIdentifier>{2a66ad75-91b0-4373-a271-1f18076d9670}</UniqueIdentifier>
    </Filter>
    <Filter Include="Shader Files\Shared\Common">
      <UniqueIdentifier>{89ba8c21-4bf4-43b5-a062-267a933a6268}</UniqueIdentifier>
    </Filter>
    <Filter Include="Shader Files\Shared\Basic">
      <UniqueIdentifier>{9427fafa-7f99-4eb0-a3fa-593c9f3f26bc}</UniqueIdentifier>
    </Filter>
    <Filter Include="Shader Files\Raster">
      <UniqueIdentifier>{291d6e90-46f9-4556-b9f5-6f91a4d85d4a}</UniqueIdentifier>
    </Filter>
    <Filter Include="Shader Files\Raster\Geometry">
      <UniqueIdentifier>{b6217e0f-4de9-4a71-8488-7b73e6d24ae6}</UniqueIdentifier>
    </Filter>
    <Filter Include="Shader Files\Raster\Geometry\MeshShader">
      <UniqueIdentifier>{ec32705d-2e59-4c18-8798-a74925b0d516}</UniqueIdentifier>
    </Filter>
    <Filter Include="Shader Files\Raster\Lighting">
      <UniqueIdentifier>{f778f23d-2462-4efd-9f09-afc32ec41564}</UniqueIdentifier>
    </Filter>
    <Filter Include="Shader Files\Raster\Lighting\PBR">
      <UniqueIdentifier>{7a03e0a8-b451-403e-b0a1-8db53e27a13f}</UniqueIdentifier>
    </Filter>
    <Filter Include="Shader Files\Raster\Geometry\Opaque">
      <UniqueIdentifier>{538f8593-c97f-4848-b4c8-2cba0baf2d04}</UniqueIdentifier>
    </Filter>
    <Filter Include="Shader Files\Raster\Geometry\Tessellation">
      <UniqueIdentifier>{79ba20ac-c4c8-407c-a71e-168086ea8481}</UniqueIdentifier>
    </Filter>
    <Filter Include="Shader Files\Raster\Transparency">
      <UniqueIdentifier>{ebebad9f-1330-4236-af64-e7d926318d80}</UniqueIdentifier>
    </Filter>
    <Filter Include="Shader Files\Raster\Geometry\SkinnedMesh">
      <UniqueIdentifier>{74816725-2739-4fca-9356-3774e58cd746}</UniqueIdentifier>
    </Filter>
    <Filter Include="Shader Files\Denoising">
      <UniqueIdentifier>{6d20108a-0fdc-47b8-9fb5-c2f4ca12ae66}</UniqueIdentifier>
    </Filter>
    <Filter Include="Shader Files\Denoising\NRD">
      <UniqueIdentifier>{bb65cd1c-cc0d-46bd-a42d-589f4d2ba909}</UniqueIdentifier>
    </Filter>
    <Filter Include="Shader Files\Effects">
      <UniqueIdentifier>{9a1174a3-45f6-407e-a73e-65683d73f15a}</UniqueIdentifier>
    </Filter>
    <Filter Include="Shader Files\Effects\PostProcess">
      <UniqueIdentifier>{a5c15619-ce1c-4544-bbb7-ae6764b4293d}</UniqueIdentifier>
    </Filter>
    <Filter Include="Shader Files\Effects\Sky">
      <UniqueIdentifier>{b7160909-6a4c-4248-a108-88e95c1d9ec5}</UniqueIdentifier>
    </Filter>
    <Filter Include="Shader Files\Effects\Sky\Skybox">
      <UniqueIdentifier>{0fe97ee0-0f8c-4ff0-8f5f-d6284a96e4ea}</UniqueIdentifier>
    </Filter>
    <Filter Include="Shader Files\Effects\Sky\ProceduralSky">
      <UniqueIdentifier>{c31a9fc7-c2e5-4221-9e61-bf727f1f8b3b}</UniqueIdentifier>
    </Filter>
    <Filter Include="Shader Files\Effects\AmbientOcclusion">
      <UniqueIdentifier>{d2fa45fa-0171-4238-8476-84241a25278a}</UniqueIdentifier>
    </Filter>
    <Filter Include="Shader Files\Effects\AmbientOcclusion\SSAO">
      <UniqueIdentifier>{b3c1a2d4-e5f6-4789-ab01-23cd456ef789}</UniqueIdentifier>
    </Filter>
    <Filter Include="Shader Files\Effects\Reflections">
      <UniqueIdentifier>{dc76098d-56db-4291-91ac-bd1f9763adbd}</UniqueIdentifier>
    </Filter>
    <Filter Include="Shader Files\Effects\Reflections\SSR">
      <UniqueIdentifier>{1a3df700-8dc2-47d3-a87c-131e8e42835f}</UniqueIdentifier>
    </Filter>
    <Filter Include="Source Files\Tools">
      <UniqueIdentifier>{eb75eba7-f5ba-4126-aaa5-00245943bcd9}</UniqueIdentifier>
    </Filter>
    <Filter Include="Source Files\RayTrace">
      <UniqueIdentifier>{2513d7b2-6619-4ca0-b32a-3ba5eace56d7}</UniqueIdentifier>
    </Filter>
    <Filter Include="Source Files\GI">
      <UniqueIdentifier>{a1b2c3d4-e5f6-7890-ab01-23cd45ef6789}</UniqueIdentifier>
    </Filter>
    <Filter Include="Shader Files\Debug">
      <UniqueIdentifier>{970590c0-5d92-406f-9a74-5098e975af9e}</UniqueIdentifier>
    </Filter>
    <Filter Include="Shader Files\Debug\ProbeGrid">
      <UniqueIdentifier>{c3d4e5f6-a7b8-9012-cd23-45ef67089012}</UniqueIdentifier>
    </Filter>
    <Filter Include="Shader Files\Debug\Meshlet">
      <UniqueIdentifier>{e9a8f2f8-95a5-4d00-ab4e-0c130601576b}</UniqueIdentifier>
    </Filter>
    <Filter Include="Shader Files\Effects\Volumetric">
      <UniqueIdentifier>{22b67a4d-9fc9-4654-9f68-91c66774e900}</UniqueIdentifier>
    </Filter>
    <Filter Include="Shader Files\Effects\Volumetric\Cloud">
      <UniqueIdentifier>{d4e5f6a7-b8c9-0123-de34-56f0781a2345}</UniqueIdentifier>
    </Filter>
    <Filter Include="Shader Files\Effects\RayMarch">
      <UniqueIdentifier>{e5f6a7b8-c9d0-1234-ef45-670891ab2345}</UniqueIdentifier>
    </Filter>
    <Filter Include="Shader Files\Raster\Lighting\Shadow">
      <UniqueIdentifier>{f6a7b8c9-d0e1-2345-f056-781ab9cd2345}</UniqueIdentifier>
    </Filter>
    <Filter Include="Shader Files\Backend">
      <UniqueIdentifier>{376f30bb-b3de-4609-8365-4a48b38f4f07}</UniqueIdentifier>
    </Filter>
    <Filter Include="Shader Files\Backend\Native">
      <UniqueIdentifier>{cdf9d05e-711a-4989-a860-647eb7c565e6}</UniqueIdentifier>
    </Filter>
    <Filter Include="Header Files\Backends">
      <UniqueIdentifier>{2f6410aa-64b9-4a50-9b6f-79864cc25d15}</UniqueIdentifier>
    </Filter>
    <Filter Include="Header Files\Backends\DirectX12">
      <UniqueIdentifier>{96f78ed3-d89f-47f1-a3df-62be7cb04536}</UniqueIdentifier>
    </Filter>
    <Filter Include="Header Files\Backends\DirectX11">
      <UniqueIdentifier>{26dedf62-b7ec-4ee2-a937-65dd6911bfda}</UniqueIdentifier>
    </Filter>
    <Filter Include="Header Files\Backends\Vulkan">
      <UniqueIdentifier>{8b61684f-6a7c-44a2-8817-9b433fd45dc9}</UniqueIdentifier>
    </Filter>
    <Filter Include="Header Files\Backends\OpenGL">
      <UniqueIdentifier>{a19ff189-9f37-41db-a0bb-40afba0c3585}</UniqueIdentifier>
    </Filter>
    <Filter Include="Source Files\Backends">
      <UniqueIdentifier>{b9935136-bb69-46db-98fc-bc17b7923cd1}</UniqueIdentifier>
    </Filter>
    <Filter Include="Source Files\Backends\DirectX12">
      <UniqueIdentifier>{3062f78f-a771-4ddd-88c4-1cc7e84f7d05}</UniqueIdentifier>
    </Filter>
    <Filter Include="Source Files\Backends\DirectX11">
      <UniqueIdentifier>{ec469de6-bfaf-42bb-a945-6a2fd5152d28}</UniqueIdentifier>
    </Filter>
    <Filter Include="Source Files\Backends\Vulkan">
      <UniqueIdentifier>{dc973c20-f4a9-486e-8fb0-92ef084c1e38}</UniqueIdentifier>
    </Filter>
    <Filter Include="Source Files\Backends\OpenGL">
      <UniqueIdentifier>{078b2b69-9e8f-41a9-8ed8-8e83266fe1a5}</UniqueIdentifier>
    </Filter>
  </ItemGroup>
  <ItemGroup>
    <None Include="Libraries\packages.config" />
    <None Include="Shaders\RayTracing\SWRT\SWRT_Reservoir.hlsli" />
    <None Include="Shaders\RayTracing\SWRT\SWRT_ReSTIR_Initial_CS.hlsl" />
    <None Include="Shaders\RayTracing\SWRT\SWRT_ReSTIR_Temporal_CS.hlsl" />
    <None Include="Shaders\RayTracing\SWRT\SWRT_ReSTIR_Spatial_CS.hlsl" />
    <None Include="Shaders\RayTracing\SWRT\SWRT_ReSTIR_Shade_CS.hlsl" />
    <None Include="Shaders\RayTracing\SWRT\SWRT_NRD_Pack_CS.hlsl" />
    <None Include="Shaders\RayTracing\SWRT\SWRT_Shadow_ReSTIR_CS.hlsl" />
    <None Include="Shaders\RayTracing\GI\GI_Common.hlsli" />
    <None Include="Shaders\RayTracing\GI\GI_ProbeUpdate_CS.hlsl" />
    <None Include="Shaders\Shared\Common\LightCB.hlsli">
      <Filter>Shader Files\Shared\Common</Filter>
    </None>
  </ItemGroup>
  <ItemGroup>
    <ClInclude Include="Source\Renderer\Backends\DirectX11\Dx11GraphicsDevice.h">
      <Filter>Header Files\Backends\DirectX11</Filter>
    </ClInclude>
    <ClInclude Include="Source\Renderer\Backends\DirectX12\Dx12GraphicsDevice.h">
      <Filter>Header Files\Backends\DirectX12</Filter>
    </ClInclude>
    <ClInclude Include="Source\Renderer\RHI\GraphicsDevice.h">
      <Filter>Header Files</Filter>
    </ClInclude>
    <ClInclude Include="Source\Renderer\Backends\OpenGL\OpenGLGraphicsDevice.h">
      <Filter>Header Files\Backends\OpenGL</Filter>
    </ClInclude>
    <ClInclude Include="Source\Renderer\RHI\RhiDevice.h">
      <Filter>Header Files</Filter>
    </ClInclude>
    <ClInclude Include="Source\Renderer\RHI\RhiTypes.h">
      <Filter>Header Files</Filter>
    </ClInclude>
    <ClInclude Include="Source\Renderer\Config\RenderFeatureSettings.h">
      <Filter>Header Files</Filter>
    </ClInclude>
    <ClInclude Include="Source\Renderer\Frame\RenderFrameOrchestrator.h">
      <Filter>Header Files</Filter>
    </ClInclude>
    <ClInclude Include="Source\Renderer\RenderGraph\RenderGraph.h">
      <Filter>Header Files</Filter>
    </ClInclude>
    <ClInclude Include="Source\Renderer\Passes\Core\RenderNode.h">
      <Filter>Header Files</Filter>
    </ClInclude>
    <ClInclude Include="Source\Renderer\Passes\Core\RenderPassBuilder.h">
      <Filter>Header Files</Filter>
    </ClInclude>
    <ClInclude Include="Source\Renderer\Resources\RenderPipelineStateCache.h">
      <Filter>Header Files</Filter>
    </ClInclude>
    <ClInclude Include="Source\Renderer\Resources\ShaderCompilationService.h">
      <Filter>Header Files</Filter>
    </ClInclude>
    <ClInclude Include="Source\Renderer\Config\RenderSettings.h">
      <Filter>Header Files</Filter>
    </ClInclude>
    <ClInclude Include="Source\Renderer\Resources\RenderTargetPool.h">
      <Filter>Header Files</Filter>
    </ClInclude>
    <ClInclude Include="Source\Renderer\Frame\RendererFrameCoordinator.h">
      <Filter>Header Files</Filter>
    </ClInclude>
    <ClInclude Include="Source\Renderer\Runtime\Renderer.h">
      <Filter>Header Files</Filter>
    </ClInclude>
    <ClInclude Include="Source\Renderer\Scene\SceneSynchronizer.h">
      <Filter>Header Files</Filter>
    </ClInclude>
    <ClInclude Include="Source\Renderer\Scene\EnvironmentManager.h">
      <Filter>Header Files</Filter>
    </ClInclude>
    <ClInclude Include="Source\Renderer\Resources\SrvDescriptorAllocator.h">
      <Filter>Header Files</Filter>
    </ClInclude>
    <ClInclude Include="Source\Renderer\Backends\Vulkan\VulkanGraphicsDevice.h">
      <Filter>Header Files\Backends\Vulkan</Filter>
    </ClInclude>
    <ClInclude Include="Source\Renderer\Backends\Vulkan\VulkanGraphicsDevice_Utils.h">
      <Filter>Header Files\Backends\Vulkan</Filter>
    </ClInclude>
    <ClInclude Include="Source\Renderer\Scene\CameraState.h">
      <Filter>Header Files</Filter>
    </ClInclude>
    <ClInclude Include="Source\Renderer\Passes\Core\RenderPassRegistry.h">
      <Filter>Header Files</Filter>
    </ClInclude>
    <ClInclude Include="Source\Renderer\Scene\DrawCommandBuilder.h">
      <Filter>Header Files</Filter>
    </ClInclude>
    <ClInclude Include="Source\Renderer\Scene\LightCBData.h">
      <Filter>Header Files</Filter>
    </ClInclude>
    <ClInclude Include="Source\Renderer\Scene\MeshBuffer.h">
      <Filter>Header Files</Filter>
    </ClInclude>
    <ClInclude Include="Source\Renderer\Scene\SkinnedMeshBuffer.h">
      <Filter>Header Files</Filter>
    </ClInclude>
    <ClInclude Include="Source\Renderer\Scene\AnimationController.h">
      <Filter>Header Files</Filter>
    </ClInclude>
    <ClInclude Include="Source\Renderer\Scene\LightSystem.h">
      <Filter>Header Files</Filter>
    </ClInclude>
    <ClInclude Include="Source\Renderer\Scene\ShadowMapManager.h">
      <Filter>Header Files</Filter>
    </ClInclude>
    <ClInclude Include="Source\Renderer\Scene\Skybox.h">
      <Filter>Header Files</Filter>
    </ClInclude>
    <ClInclude Include="Source\Renderer\Structures\Mesh.h">
      <Filter>Header Files\Struct</Filter>
    </ClInclude>
    <ClInclude Include="Source\Renderer\Structures\Float3.h">
      <Filter>Header Files\Struct</Filter>
    </ClInclude>
    <ClInclude Include="Source\Renderer\Scene\Material.h">
      <Filter>Header Files\Struct</Filter>
    </ClInclude>
    <ClInclude Include="Source\Renderer\Structures\Texture.h">
      <Filter>Header Files\Struct</Filter>
    </ClInclude>
    <ClInclude Include="Source\Renderer\Structures\Vertex.h">
      <Filter>Header Files\Struct</Filter>
    </ClInclude>
    <ClInclude Include="Source\Renderer\Structures\SkinnedVertex.h">
      <Filter>Header Files\Struct</Filter>
    </ClInclude>
    <ClInclude Include="Source\Renderer\Structures\SkeletonAnimation.h">
      <Filter>Header Files\Struct</Filter>
    </ClInclude>
    <ClInclude Include="Source\Renderer\Structures\Skeleton.h">
      <Filter>Header Files\Struct</Filter>
    </ClInclude>
    <ClInclude Include="Source\Renderer\Scene\RenderLightProxy.h">
      <Filter>Header Files\Struct\Proxy</Filter>
    </ClInclude>
    <ClInclude Include="Source\Renderer\Scene\RenderProxy.h">
      <Filter>Header Files\Struct\Proxy</Filter>
    </ClInclude>
    <ClInclude Include="Source\Renderer\Scene\RenderCameraProxy.h">
      <Filter>Header Files\Struct\Proxy</Filter>
    </ClInclude>
    <ClInclude Include="Source\Renderer\Utilities\RendererMathUtility.h">
      <Filter>Header Files\Tool</Filter>
    </ClInclude>
    <ClInclude Include="Source\Renderer\Utilities\ResourceUploadUtility.h">
      <Filter>Header Files\Tool</Filter>
    </ClInclude>
    <ClInclude Include="Source\Foundation\Math\MathUtil.h">
      <Filter>Header Files\Tool</Filter>
    </ClInclude>
    <ClInclude Include="Source\Foundation\Profiling\Profiler.h">
      <Filter>Header Files\Tool</Filter>
    </ClInclude>
    <ClInclude Include="Source\Renderer\Passes\Geometry\OpaqueRenderPass.h">
      <Filter>Header Files\RenderPass</Filter>
    </ClInclude>
    <ClInclude Include="Source\Renderer\Passes\Lighting\LightingRenderPass.h">
      <Filter>Header Files\RenderPass</Filter>
    </ClInclude>
    <ClInclude Include="Source\Renderer\Passes\Transparency\TransparentRenderPass.h">
      <Filter>Header Files\RenderPass</Filter>
    </ClInclude>
    <ClInclude Include="Source\Renderer\Passes\Transparency\TransparentLightingRenderPass.h">
      <Filter>Header Files\RenderPass</Filter>
    </ClInclude>
    <ClInclude Include="Source\Renderer\Passes\Transparency\TransparentBackfaceDistanceRenderPass.h">
      <Filter>Header Files\RenderPass</Filter>
    </ClInclude>
    <ClInclude Include="Source\Renderer\Passes\Transparency\TransparentCompositeRenderPass.h">
      <Filter>Header Files\RenderPass</Filter>
    </ClInclude>
    <ClInclude Include="Source\Renderer\Passes\Transparency\TransparentSceneColorCopyRenderPass.h">
      <Filter>Header Files\RenderPass</Filter>
    </ClInclude>
    <ClInclude Include="Source\Renderer\Passes\Core\IRenderPass.h">
      <Filter>Header Files\RenderPass</Filter>
    </ClInclude>
    <ClInclude Include="Source\Renderer\Passes\Core\RenderPassSetupContext.h">
      <Filter>Header Files\RenderPass</Filter>
    </ClInclude>
    <ClInclude Include="Source\Renderer\Passes\PostProcess\PostProcessRenderPass.h">
      <Filter>Header Files\RenderPass</Filter>
    </ClInclude>
    <ClInclude Include="Source\Renderer\Passes\Geometry\ShadowRenderPass.h">
      <Filter>Header Files\RenderPass</Filter>
    </ClInclude>
    <ClInclude Include="Source\Renderer\Passes\Sky\SkyboxRenderPass.h">
      <Filter>Header Files\RenderPass</Filter>
    </ClInclude>
    <ClInclude Include="Source\Renderer\Passes\Lighting\SSAORenderPass.h">
      <Filter>Header Files\RenderPass</Filter>
    </ClInclude>
    <ClInclude Include="Source\Renderer\Passes\Reflections\ScreenSpaceReflectionRenderPass.h">
      <Filter>Header Files\RenderPass</Filter>
    </ClInclude>
    <ClInclude Include="Source\Renderer\Passes\Reflections\SoftwareReflectionRenderPass.h">
      <Filter>Header Files\RenderPass</Filter>
    </ClInclude>
    <ClInclude Include="Source\Renderer\Passes\Reflections\SoftwareReflectionCompositeRenderPass.h">
      <Filter>Header Files\RenderPass</Filter>
    </ClInclude>
    <ClInclude Include="Source\Renderer\Passes\Debug\DebugProbeGridRenderPass.h">
      <Filter>Header Files\RenderPass</Filter>
    </ClInclude>
    <ClInclude Include="Source\Renderer\RayTracing\RayTracingScene.h">
      <Filter>Source Files\RayTrace</Filter>
    </ClInclude>
    <ClInclude Include="Source\Renderer\GI\IrradianceProbeGrid.h">
      <Filter>Source Files\GI</Filter>
    </ClInclude>
    <ClInclude Include="Source\Renderer\RayTracing\GpuSoftwareRayTracer.h">
      <Filter>Source Files\RayTrace</Filter>
    </ClInclude>
    <ClInclude Include="Source\Renderer\RayTracing\DxrRayTracer.h">
      <Filter>Source Files\RayTrace</Filter>
    </ClInclude>
    <ClInclude Include="Source\Renderer\RayTracing\SWRTExecutor.h">
      <Filter>Source Files\RayTrace</Filter>
    </ClInclude>
    <ClInclude Include="Source\Renderer\Passes\RayTracing\RayTracingRenderPass.h">
      <Filter>Source Files\RenderPass</Filter>
    </ClInclude>
    <ClInclude Include="Source\Renderer\Config\RayTracingStats.h">
      <Filter>Header Files</Filter>
    </ClInclude>
    <ClInclude Include="Source\Renderer\Scene\SceneSubmitter.h">
      <Filter>Header Files</Filter>
    </ClInclude>
    <ClInclude Include="Source\Renderer\Passes\Sky\VolumetricCloudRenderPass.h">
      <Filter>Header Files\RenderPass</Filter>
    </ClInclude>
    <ClInclude Include="Source\Renderer\Passes\Sky\ProceduralSkyRenderPass.h">
      <Filter>Header Files\RenderPass</Filter>
    </ClInclude>
    <ClInclude Include="Source\Renderer\Passes\RayMarch\RayMarchRenderPass.h">
      <Filter>Header Files\RenderPass</Filter>
    </ClInclude>
    <ClInclude Include="Source\Renderer\Passes\Geometry\MeshShaderRenderPass.h">
      <Filter>Header Files</Filter>
    </ClInclude>
    <ClInclude Include="Source\Renderer\Scene\MeshletBuffer.h">
      <Filter>Header Files</Filter>
    </ClInclude>
  </ItemGroup>
  <ItemGroup>
    <ClCompile Include="Source\Renderer\Scene\MeshBuffer.cpp">
      <Filter>Source Files</Filter>
    </ClCompile>
    <ClCompile Include="Source\Renderer\Scene\SkinnedMeshBuffer.cpp">
      <Filter>Source Files</Filter>
    </ClCompile>
    <ClCompile Include="Source\Renderer\Scene\AnimationController.cpp">
      <Filter>Source Files</Filter>
    </ClCompile>
    <ClCompile Include="Source\Renderer\Scene\DrawCommandBuilder.cpp">
      <Filter>Source Files</Filter>
    </ClCompile>
    <ClCompile Include="Source\Renderer\RenderGraph\RenderGraph.cpp">
      <Filter>Source Files</Filter>
    </ClCompile>
    <ClCompile Include="Source\Renderer\Passes\Core\RenderPassBuilder.cpp">
      <Filter>Source Files</Filter>
    </ClCompile>
    <ClCompile Include="Source\Renderer\Frame\RenderFrameOrchestrator.cpp">
      <Filter>Source Files</Filter>
    </ClCompile>
    <ClCompile Include="Source\Renderer\Resources\RenderTargetPool.cpp">
      <Filter>Source Files</Filter>
    </ClCompile>
    <ClCompile Include="Source\Renderer\Runtime\Renderer.cpp">
      <Filter>Source Files</Filter>
    </ClCompile>
    <ClCompile Include="Source\Renderer\Scene\SceneSynchronizer.cpp">
      <Filter>Source Files</Filter>
    </ClCompile>
    <ClCompile Include="Source\Renderer\Scene\EnvironmentManager.cpp">
      <Filter>Source Files</Filter>
    </ClCompile>
    <ClCompile Include="Source\Renderer\Resources\SrvDescriptorAllocator.cpp">
      <Filter>Source Files</Filter>
    </ClCompile>
    <ClCompile Include="Source\Renderer\Passes\Core\RenderPassRegistry.cpp">
      <Filter>Source Files</Filter>
    </ClCompile>
    <ClCompile Include="Source\Renderer\Frame\RendererFrameCoordinator.cpp">
      <Filter>Source Files</Filter>
    </ClCompile>
    <ClCompile Include="Source\Renderer\Resources\RenderPipelineStateCache.cpp">
      <Filter>Source Files</Filter>
    </ClCompile>
    <ClCompile Include="Source\Renderer\Resources\ShaderCompilationService.cpp">
      <Filter>Source Files</Filter>
    </ClCompile>
    <ClCompile Include="Source\Renderer\Backends\DirectX11\Dx11GraphicsDevice.cpp">
      <Filter>Source Files\Backends\DirectX11</Filter>
    </ClCompile>
    <ClCompile Include="Source\Renderer\Backends\DirectX11\Dx11GraphicsDevice_Resource.cpp">
      <Filter>Source Files\Backends\DirectX11</Filter>
    </ClCompile>
    <ClCompile Include="Source\Renderer\Backends\DirectX12\Dx12GraphicsDevice.cpp">
      <Filter>Source Files\Backends\DirectX12</Filter>
    </ClCompile>
    <ClCompile Include="Source\Renderer\Backends\DirectX12\Dx12GraphicsDevice_Init.cpp">
      <Filter>Source Files\Backends\DirectX12</Filter>
    </ClCompile>
    <ClCompile Include="Source\Renderer\Backends\DirectX12\Dx12GraphicsDevice_Resource.cpp">
      <Filter>Source Files\Backends\DirectX12</Filter>
    </ClCompile>
    <ClCompile Include="Source\Renderer\Backends\OpenGL\OpenGLGraphicsDevice.cpp">
      <Filter>Source Files\Backends\OpenGL</Filter>
    </ClCompile>
    <ClCompile Include="Source\Renderer\Backends\OpenGL\OpenGLGraphicsDevice_Resource.cpp">
      <Filter>Source Files\Backends\OpenGL</Filter>
    </ClCompile>
    <ClCompile Include="Source\Renderer\Backends\Vulkan\VulkanGraphicsDevice.cpp">
      <Filter>Source Files\Backends\Vulkan</Filter>
    </ClCompile>
    <ClCompile Include="Source\Renderer\Backends\Vulkan\VulkanGraphicsDevice_Backend.cpp">
      <Filter>Source Files\Backends\Vulkan</Filter>
    </ClCompile>
    <ClCompile Include="Source\Renderer\Backends\Vulkan\VulkanGraphicsDevice_Pipeline.cpp">
      <Filter>Source Files\Backends\Vulkan</Filter>
    </ClCompile>
    <ClCompile Include="Source\Renderer\Scene\LightSystem.cpp">
      <Filter>Source Files</Filter>
    </ClCompile>
    <ClCompile Include="Source\Renderer\Scene\ShadowMapManager.cpp">
      <Filter>Source Files</Filter>
    </ClCompile>
    <ClCompile Include="Source\Renderer\Scene\Skybox.cpp">
      <Filter>Source Files</Filter>
    </ClCompile>
    <ClCompile Include="Source\Renderer\Passes\Sky\SkyboxRenderPass.cpp">
      <Filter>Source Files\RenderPass</Filter>
    </ClCompile>
    <ClCompile Include="Source\Renderer\Passes\Geometry\ShadowRenderPass.cpp">
      <Filter>Source Files\RenderPass</Filter>
    </ClCompile>
    <ClCompile Include="Source\Renderer\Passes\Geometry\OpaqueRenderPass.cpp">
      <Filter>Source Files\RenderPass</Filter>
    </ClCompile>
    <ClCompile Include="Source\Renderer\Passes\Lighting\LightingRenderPass.cpp">
      <Filter>Source Files\RenderPass</Filter>
    </ClCompile>
    <ClCompile Include="Source\Renderer\Passes\Transparency\TransparentRenderPass.cpp">
      <Filter>Source Files\RenderPass</Filter>
    </ClCompile>
    <ClCompile Include="Source\Renderer\Passes\Transparency\TransparentLightingRenderPass.cpp">
      <Filter>Source Files\RenderPass</Filter>
    </ClCompile>
    <ClCompile Include="Source\Renderer\Passes\Transparency\TransparentBackfaceDistanceRenderPass.cpp">
      <Filter>Source Files\RenderPass</Filter>
    </ClCompile>
    <ClCompile Include="Source\Renderer\Passes\Transparency\TransparentCompositeRenderPass.cpp">
      <Filter>Source Files\RenderPass</Filter>
    </ClCompile>
    <ClCompile Include="Source\Renderer\Passes\Transparency\TransparentSceneColorCopyRenderPass.cpp">
      <Filter>Source Files\RenderPass</Filter>
    </ClCompile>
    <ClCompile Include="Source\Renderer\Passes\PostProcess\PostProcessRenderPass.cpp">
      <Filter>Source Files\RenderPass</Filter>
    </ClCompile>
    <ClCompile Include="Source\Renderer\Utilities\ResourceUploadUtility.cpp">
      <Filter>Source Files\Tools</Filter>
    </ClCompile>
    <ClCompile Include="Source\Renderer\Utilities\RendererMathUtility.cpp">
      <Filter>Source Files\Tools</Filter>
    </ClCompile>
    <ClCompile Include="Source\Renderer\RayTracing\GpuSoftwareRayTracer.cpp">
      <Filter>Source Files\RayTrace</Filter>
    </ClCompile>
    <ClCompile Include="Source\Renderer\RayTracing\DxrRayTracer.cpp">
      <Filter>Source Files\RayTrace</Filter>
    </ClCompile>
    <ClCompile Include="Source\Renderer\RayTracing\SWRTExecutor.cpp">
      <Filter>Source Files\RayTrace</Filter>
    </ClCompile>
    <ClCompile Include="Source\Renderer\Scene\SceneSubmitter.cpp">
      <Filter>Source Files</Filter>
    </ClCompile>
    <ClCompile Include="Source\Renderer\Passes\RayTracing\RayTracingRenderPass.cpp">
      <Filter>Source Files\RenderPass</Filter>
    </ClCompile>
    <ClCompile Include="Source\Renderer\Passes\Lighting\SSAORenderPass.cpp">
      <Filter>Source Files\RenderPass</Filter>
    </ClCompile>
    <ClCompile Include="Source\Renderer\Passes\Reflections\ScreenSpaceReflectionRenderPass.cpp">
      <Filter>Source Files\RenderPass</Filter>
    </ClCompile>
    <ClCompile Include="Source\Renderer\Passes\Reflections\SoftwareReflectionRenderPass.cpp">
      <Filter>Source Files\RenderPass</Filter>
    </ClCompile>
    <ClCompile Include="Source\Renderer\Passes\Reflections\SoftwareReflectionCompositeRenderPass.cpp">
      <Filter>Source Files\RenderPass</Filter>
    </ClCompile>
    <ClCompile Include="Source\Renderer\Passes\Debug\DebugProbeGridRenderPass.cpp">
      <Filter>Source Files\RenderPass</Filter>
    </ClCompile>
    <ClCompile Include="Source\Renderer\GI\IrradianceProbeGrid.cpp">
      <Filter>Source Files\GI</Filter>
    </ClCompile>
    <ClCompile Include="Source\Renderer\Passes\Sky\ProceduralSkyRenderPass.cpp">
      <Filter>Source Files\RenderPass</Filter>
    </ClCompile>
    <ClCompile Include="Source\Renderer\Passes\RayMarch\RayMarchRenderPass.cpp">
      <Filter>Source Files\RenderPass</Filter>
    </ClCompile>
    <ClCompile Include="Source\Renderer\Passes\Sky\VolumetricCloudRenderPass.cpp">
      <Filter>Source Files\RenderPass</Filter>
    </ClCompile>
    <ClCompile Include="Source\Renderer\Resources\RenderPipelineStateCache_Ssr.cpp">
      <Filter>Source Files</Filter>
    </ClCompile>
    <ClCompile Include="Source\Foundation\Profiling\Profiler.cpp">
      <Filter>Source Files\Tools</Filter>
    </ClCompile>
    <ClCompile Include="Source\Renderer\RayTracing\DxrRayTracer_Setup.cpp">
      <Filter>Source Files</Filter>
    </ClCompile>
    <ClCompile Include="Source\Renderer\RayTracing\GpuSoftwareBvhBuilder.cpp">
      <Filter>Source Files</Filter>
    </ClCompile>
    <ClCompile Include="Source\Renderer\RayTracing\GpuSoftwarePipelineCache.cpp">
      <Filter>Source Files</Filter>
    </ClCompile>
    <ClCompile Include="Source\Renderer\RayTracing\GpuSoftwareRayTracer_Legacy.cpp">
      <Filter>Source Files</Filter>
    </ClCompile>
    <ClCompile Include="Source\Renderer\RayTracing\GpuSoftwareRayTracer_ReSTIR.cpp">
      <Filter>Source Files</Filter>
    </ClCompile>
    <ClCompile Include="Source\Renderer\Passes\Geometry\MeshShaderRenderPass.cpp">
      <Filter>Source Files</Filter>
    </ClCompile>
    <ClCompile Include="Source\Renderer\Scene\MeshletBuffer.cpp">
      <Filter>Source Files</Filter>
    </ClCompile>
    <ClCompile Include="Source\Renderer\Scene\LightSystem_Shadow.cpp">
      <Filter>Source Files</Filter>
    </ClCompile>
    <ClCompile Include="Source\Renderer\Scene\Skybox_IBL.cpp">
      <Filter>Source Files</Filter>
    </ClCompile>
    <ClCompile Include="Source\Renderer\RenderGraph\RenderGraph_Registry.cpp">
      <Filter>Source Files</Filter>
    </ClCompile>
    <ClCompile Include="Source\Renderer\Resources\RenderTargetPool_Swrt.cpp">
      <Filter>Source Files</Filter>
    </ClCompile>
    <ClCompile Include="Source\Renderer\Runtime\Renderer_Render.cpp">
      <Filter>Source Files</Filter>
    </ClCompile>
    <ClCompile Include="Source\Renderer\Runtime\RendererInitialization.cpp">
      <Filter>Source Files</Filter>
    </ClCompile>
    <ClCompile Include="Source\Renderer\Runtime\RendererGraphicsCommands.cpp">
      <Filter>Source Files</Filter>
    </ClCompile>
    <ClCompile Include="Source\Renderer\Resources\RenderPipelineStateCache_Effects.cpp">
      <Filter>Source Files</Filter>
    </ClCompile>
    <ClCompile Include="Source\Renderer\Resources\RenderPipelineStateCache_Ssao.cpp">
      <Filter>Source Files</Filter>
    </ClCompile>
    <ClCompile Include="Source\Renderer\Resources\RenderPipelineStateCache_MeshShader.cpp">
      <Filter>Source Files</Filter>
    </ClCompile>
  </ItemGroup>
  <ItemGroup>
    <CustomBuild Include="Shaders\Raster\Lighting\PBR\CookTorranceGGX_VS.hlsl">
      <Filter>Shader Files\Raster\Lighting\PBR</Filter>
    </CustomBuild>
    <CustomBuild Include="Shaders\Raster\Lighting\PBR\CookTorranceGGX_PS.hlsl">
      <Filter>Shader Files\Raster\Lighting\PBR</Filter>
    </CustomBuild>
    <CustomBuild Include="Shaders\Raster\Transparency\TransparentBackfaceDistance_PS.hlsl">
      <Filter>Shader Files\Raster\Transparency</Filter>
    </CustomBuild>
    <CustomBuild Include="Shaders\Raster\Transparency\TransparentOIT_PS.hlsl">
      <Filter>Shader Files\Raster\Transparency</Filter>
    </CustomBuild>
    <CustomBuild Include="Shaders\Raster\Transparency\TransparentOITComposite_PS.hlsl">
      <Filter>Shader Files\Raster\Transparency</Filter>
    </CustomBuild>
    <CustomBuild Include="Shaders\Raster\Geometry\Opaque\Opaque_VS.hlsl">
      <Filter>Shader Files\Raster\Geometry\Opaque</Filter>
    </CustomBuild>
    <CustomBuild Include="Shaders\Raster\Geometry\Opaque\Opaque_PS.hlsl">
      <Filter>Shader Files\Raster\Geometry\Opaque</Filter>
    </CustomBuild>
    <CustomBuild Include="Shaders\Effects\Sky\Skybox\Skybox_VS.hlsl">
      <Filter>Shader Files\Effects\Sky\Skybox</Filter>
    </CustomBuild>
    <CustomBuild Include="Shaders\Effects\Sky\Skybox\Skybox_HDR_PS.hlsl">
      <Filter>Shader Files\Effects\Sky\Skybox</Filter>
    </CustomBuild>
    <CustomBuild Include="Shaders\Effects\Sky\Skybox\Skybox_PS.hlsl">
      <Filter>Shader Files\Effects\Sky\Skybox</Filter>
    </CustomBuild>
    <CustomBuild Include="Shaders\Raster\Geometry\Tessellation\Tessellation_VS.hlsl">
      <Filter>Shader Files\Raster\Geometry\Tessellation</Filter>
    </CustomBuild>
    <CustomBuild Include="Shaders\Raster\Geometry\Tessellation\Tessellation_HS.hlsl">
      <Filter>Shader Files\Raster\Geometry\Tessellation</Filter>
    </CustomBuild>
    <CustomBuild Include="Shaders\Raster\Geometry\Tessellation\Tessellation_DS.hlsl">
      <Filter>Shader Files\Raster\Geometry\Tessellation</Filter>
    </CustomBuild>
    <CustomBuild Include="Shaders\Raster\Geometry\Tessellation\Tessellation_GS.hlsl">
      <Filter>Shader Files\Raster\Geometry\Tessellation</Filter>
    </CustomBuild>
    <CustomBuild Include="Shaders\Effects\AmbientOcclusion\SSAO\SSAO_VS.hlsl">
      <Filter>Shader Files\Effects\AmbientOcclusion\SSAO</Filter>
    </CustomBuild>
    <CustomBuild Include="Shaders\Effects\AmbientOcclusion\SSAO\SSAO_PS.hlsl">
      <Filter>Shader Files\Effects\AmbientOcclusion\SSAO</Filter>
    </CustomBuild>
    <CustomBuild Include="Shaders\Effects\AmbientOcclusion\SSAO\SSAO_Blur_PS.hlsl">
      <Filter>Shader Files\Effects\AmbientOcclusion\SSAO</Filter>
    </CustomBuild>
    <CustomBuild Include="Shaders\Effects\Reflections\SSR\ScreenSpaceReflection_CS.hlsl">
      <Filter>Shader Files\Effects\Reflections\SSR</Filter>
    </CustomBuild>
    <CustomBuild Include="Shaders\Effects\PostProcess\ToneMap_PS.hlsl">
      <Filter>Shader Files\Effects\PostProcess</Filter>
    </CustomBuild>
    <CustomBuild Include="Shaders\Effects\RayMarch\RayMarch_VS.hlsl">
      <Filter>Shader Files\Effects\RayMarch</Filter>
    </CustomBuild>
    <CustomBuild Include="Shaders\Effects\RayMarch\RayMarch_PS.hlsl">
      <Filter>Shader Files\Effects\RayMarch</Filter>
    </CustomBuild>
    <CustomBuild Include="Shaders\Effects\Sky\ProceduralSky\ProceduralSky_PS.hlsl">
      <Filter>Shader Files\Effects\Sky\ProceduralSky</Filter>
    </CustomBuild>
    <CustomBuild Include="Shaders\RayTracing\SWRT\SWRT_ReflectionComposite_PS.hlsl" />
  </ItemGroup>
  <ItemGroup>
    <None Include="Shaders\Raster\Geometry\MeshShader\MeshShader_AS.hlsl">
      <Filter>Shader Files\Raster\Geometry\MeshShader</Filter>
    </None>
    <None Include="Shaders\Raster\Geometry\MeshShader\MeshShader_MS.hlsl">
      <Filter>Shader Files\Raster\Geometry\MeshShader</Filter>
    </None>
    <None Include="Shaders\Debug\ProbeGrid\DebugProbeGrid_VS.hlsl">
      <Filter>Shader Files\Debug\ProbeGrid</Filter>
    </None>
    <None Include="Shaders\Debug\ProbeGrid\DebugProbeGrid_PS.hlsl">
      <Filter>Shader Files\Debug\ProbeGrid</Filter>
    </None>
    <None Include="Shaders\Shared\Basic\BasicShader.hlsl">
      <Filter>Shader Files\Shared\Basic</Filter>
    </None>
    <None Include="Shaders\Raster\Geometry\Tessellation\Tessellation_Debug_DS.hlsl">
      <Filter>Shader Files\Raster\Geometry\Tessellation</Filter>
    </None>
    <None Include="Shaders\Raster\Geometry\Tessellation\Tessellation_Debug_PS.hlsl">
      <Filter>Shader Files\Raster\Geometry\Tessellation</Filter>
    </None>
    <None Include="Shaders\Raster\Lighting\Shadow\ShadowVSM_PS.hlsl">
      <Filter>Shader Files\Raster\Lighting\Shadow</Filter>
    </None>
    <None Include="Shaders\Raster\Lighting\Shadow\ShadowVSM_GaussBlur_CS.hlsl">
      <Filter>Shader Files\Raster\Lighting\Shadow</Filter>
    </None>
    <None Include="Shaders\Raster\Geometry\SkinnedMesh\SkinnedMesh_VS.hlsl">
      <Filter>Shader Files\Raster\Geometry\SkinnedMesh</Filter>
    </None>
    <None Include="Shaders\Backend\Native\NativeMesh.hlsl">
      <Filter>Shader Files\Backend\Native</Filter>
    </None>
    <None Include="Shaders\Denoising\NRD\NRD.hlsli">
      <Filter>Shader Files\Denoising\NRD</Filter>
    </None>
    <None Include="Shaders\Denoising\NRD\NRDConfig.hlsli">
      <Filter>Shader Files\Denoising\NRD</Filter>
    </None>
  </ItemGroup>
</Project>