<?xml version="1.0" encoding="utf-8"?>
<Project ToolsVersion="4.0" xmlns="http://schemas.microsoft.com/developer/msbuild/2003">
  <ItemGroup>
    <Filter Include="Source Files">
      <UniqueIdentifier>{4FC737F1-C7A5-4376-A066-2A32D752A2FF}</UniqueIdentifier>
      <Extensions>cpp;c;cc;cxx;def;odl;idl;hpj;bat;asm;asmx</Extensions>
    </Filter>
    <Filter Include="Header Files">
      <UniqueIdentifier>{93995380-89BD-4b04-88EB-625FBE52EBFB}</UniqueIdentifier>
      <Extensions>h;hh;hpp;hxx;hm;inl;inc;ipp;xsd</Extensions>
    </Filter>
    <Filter Include="Resource Files">
      <UniqueIdentifier>{67DA6AB6-F800-4c08-8B7A-83BB121AAD01}</UniqueIdentifier>
      <Extensions>rc;ico;cur;bmp;dlg;rc2;rct;bin;rgs;gif;jpg;jpeg;jpe;resx;tiff;tif;png;wav;mfcribbon-ms</Extensions>
    </Filter>
    <Filter Include="Header Files\Struct">
      <UniqueIdentifier>{c68b2a46-faa0-4118-b703-b15f7acf391f}</UniqueIdentifier>
    </Filter>
    <Filter Include="Header Files\Struct\Proxy">
      <UniqueIdentifier>{0baf39b1-216b-4cfb-bf75-3dde43f46cce}</UniqueIdentifier>
    </Filter>
    <Filter Include="Header Files\Tool">
      <UniqueIdentifier>{c8aff3b3-f7c9-45e2-9d0b-1c79d6271b58}</UniqueIdentifier>
    </Filter>
    <Filter Include="Source Files\RenderNode">
      <UniqueIdentifier>{c9fa0440-879d-43ab-a838-02979f67a3f3}</UniqueIdentifier>
    </Filter>
    <Filter Include="Header Files\RenderNode">
      <UniqueIdentifier>{92d28e41-5700-42f3-b79c-3aac016f4e41}</UniqueIdentifier>
    </Filter>
    <Filter Include="Shader Files">
      <UniqueIdentifier>{17e92507-9455-49a5-990c-1c4d5d9f3c4d}</UniqueIdentifier>
    </Filter>
    <Filter Include="Shader Files\Skybox">
      <UniqueIdentifier>{0fe97ee0-0f8c-4ff0-8f5f-d6284a96e4ea}</UniqueIdentifier>
    </Filter>
    <Filter Include="Shader Files\SSAO">
      <UniqueIdentifier>{b3c1a2d4-e5f6-4789-ab01-23cd456ef789}</UniqueIdentifier>
    </Filter>
    <Filter Include="Source Files\Tools">
      <UniqueIdentifier>{eb75eba7-f5ba-4126-aaa5-00245943bcd9}</UniqueIdentifier>
    </Filter>
    <Filter Include="Source Files\RayTrace">
      <UniqueIdentifier>{2513d7b2-6619-4ca0-b32a-3ba5eace56d7}</UniqueIdentifier>
    </Filter>
    <Filter Include="Source Files\GI">
      <UniqueIdentifier>{a1b2c3d4-e5f6-7890-ab01-23cd45ef6789}</UniqueIdentifier>
    </Filter>
    <Filter Include="Shader Files\GI">
      <UniqueIdentifier>{b2c3d4e5-f6a7-8901-bc12-34de56f07891}</UniqueIdentifier>
    </Filter>
    <Filter Include="Shader Files\Debug">
      <UniqueIdentifier>{c3d4e5f6-a7b8-9012-cd23-45ef67089012}</UniqueIdentifier>
    </Filter>
    <Filter Include="Shader Files\VolumetricCloud">
      <UniqueIdentifier>{d4e5f6a7-b8c9-0123-de34-56f0781a2345}</UniqueIdentifier>
    </Filter>
    <Filter Include="Shader Files\RayMarch">
      <UniqueIdentifier>{e5f6a7b8-c9d0-1234-ef45-670891ab2345}</UniqueIdentifier>
    </Filter>
  </ItemGroup>
  <ItemGroup>
    <None Include="Libraries\packages.config" />
  </ItemGroup>
  <ItemGroup>
    <ClInclude Include="Source\Renderer\Core\Dx12GraphicsDevice.h">
      <Filter>Header Files</Filter>
    </ClInclude>
    <ClInclude Include="Source\Renderer\Core\GraphicsDevice.h">
      <Filter>Header Files</Filter>
    </ClInclude>
    <ClInclude Include="Source\Renderer\Core\RenderGraph.h">
      <Filter>Header Files</Filter>
    </ClInclude>
    <ClInclude Include="Source\Renderer\Core\RenderPipelineStateCache.h">
      <Filter>Header Files</Filter>
    </ClInclude>
    <ClInclude Include="Source\Renderer\Core\RenderSettings.h">
      <Filter>Header Files</Filter>
    </ClInclude>
    <ClInclude Include="Source\Renderer\Core\RenderTargetPool.h">
      <Filter>Header Files</Filter>
    </ClInclude>
    <ClInclude Include="Source\Renderer\Core\RendererFrameCoordinator.h">
      <Filter>Header Files</Filter>
    </ClInclude>
    <ClInclude Include="Source\Renderer\Core\Renderer.h">
      <Filter>Header Files</Filter>
    </ClInclude>
    <ClInclude Include="Source\Renderer\Core\SrvDescriptorAllocator.h">
      <Filter>Header Files</Filter>
    </ClInclude>
    <ClInclude Include="Source\Renderer\Core\CameraState.h">
      <Filter>Header Files</Filter>
    </ClInclude>
    <ClInclude Include="Source\Renderer\Core\RenderPassRegistry.h">
      <Filter>Header Files</Filter>
    </ClInclude>
    <ClInclude Include="Source\Renderer\Scene\DrawCommandBuilder.h">
      <Filter>Header Files</Filter>
    </ClInclude>
    <ClInclude Include="Source\Renderer\Scene\LightCBData.h">
      <Filter>Header Files</Filter>
    </ClInclude>
    <ClInclude Include="Source\Renderer\Scene\MeshBuffer.h">
      <Filter>Header Files</Filter>
    </ClInclude>
    <ClInclude Include="Source\Renderer\Scene\LightSystem.h">
      <Filter>Header Files</Filter>
    </ClInclude>
    <ClInclude Include="Source\Renderer\Scene\Skybox.h">
      <Filter>Header Files</Filter>
    </ClInclude>
    <ClInclude Include="Source\Renderer\Structures\Mesh.h">
      <Filter>Header Files\Struct</Filter>
    </ClInclude>
    <ClInclude Include="Source\Renderer\Structures\Float3.h">
      <Filter>Header Files\Struct</Filter>
    </ClInclude>
    <ClInclude Include="Source\Renderer\Scene\Material.h">
      <Filter>Header Files\Struct</Filter>
    </ClInclude>
    <ClInclude Include="Source\Renderer\Structures\Texture.h">
      <Filter>Header Files\Struct</Filter>
    </ClInclude>
    <ClInclude Include="Source\Renderer\Structures\Vertex.h">
      <Filter>Header Files\Struct</Filter>
    </ClInclude>
    <ClInclude Include="Source\Renderer\Scene\RenderLightProxy.h">
      <Filter>Header Files\Struct\Proxy</Filter>
    </ClInclude>
    <ClInclude Include="Source\Renderer\Scene\RenderProxy.h">
      <Filter>Header Files\Struct\Proxy</Filter>
    </ClInclude>
    <ClInclude Include="Source\Renderer\Scene\RenderCameraProxy.h">
      <Filter>Header Files\Struct\Proxy</Filter>
    </ClInclude>
    <ClInclude Include="Source\Renderer\Utilities\RendererMathUtility.h">
      <Filter>Header Files\Tool</Filter>
    </ClInclude>
    <ClInclude Include="Source\Renderer\Utilities\ResourceUploadUtility.h">
      <Filter>Header Files\Tool</Filter>
    </ClInclude>
    <ClInclude Include="Source\Foundation\Math\MathUtil.h">
      <Filter>Header Files\Tool</Filter>
    </ClInclude>
    <ClInclude Include="Source\Renderer\Passes\OpaqueRenderNode.h">
      <Filter>Header Files\RenderNode</Filter>
    </ClInclude>
    <ClInclude Include="Source\Renderer\Passes\LightingRenderNode.h">
      <Filter>Header Files\RenderNode</Filter>
    </ClInclude>
    <ClInclude Include="Source\Renderer\Passes\TransparentRenderNode.h">
      <Filter>Header Files\RenderNode</Filter>
    </ClInclude>
    <ClInclude Include="Source\Renderer\Passes\TransparentLightingRenderNode.h">
      <Filter>Header Files\RenderNode</Filter>
    </ClInclude>
    <ClInclude Include="Source\Renderer\Passes\IRenderNode.h">
      <Filter>Header Files\RenderNode</Filter>
    </ClInclude>
    <ClInclude Include="Source\Renderer\Passes\RenderNodeSetupContext.h">
      <Filter>Header Files\RenderNode</Filter>
    </ClInclude>
    <ClInclude Include="Source\Renderer\Passes\PostProcessRenderNode.h">
      <Filter>Header Files\RenderNode</Filter>
    </ClInclude>
    <ClInclude Include="Source\Renderer\Passes\ShadowRenderNode.h">
      <Filter>Header Files\RenderNode</Filter>
    </ClInclude>
    <ClInclude Include="Source\Renderer\Passes\SkyboxRenderNode.h">
      <Filter>Header Files\RenderNode</Filter>
    </ClInclude>
    <ClInclude Include="Source\Renderer\Passes\SSAORenderNode.h">
      <Filter>Header Files\RenderNode</Filter>
    </ClInclude>
    <ClInclude Include="Source\Renderer\Passes\DebugProbeGridRenderNode.h">
      <Filter>Header Files\RenderNode</Filter>
    </ClInclude>
    <ClInclude Include="Source\Renderer\RayTracing\RayTracingScene.h">
      <Filter>Source Files\RayTrace</Filter>
    </ClInclude>
    <ClInclude Include="Source\Renderer\GI\IrradianceProbeGrid.h">
      <Filter>Source Files\GI</Filter>
    </ClInclude>
    <ClInclude Include="Source\Renderer\RayTracing\SoftwareRayTracer.h">
      <Filter>Source Files\RayTrace</Filter>
    </ClInclude>
    <ClInclude Include="Source\Renderer\RayTracing\GpuSoftwareRayTracer.h">
      <Filter>Source Files\RayTrace</Filter>
    </ClInclude>
    <ClInclude Include="Source\Renderer\RayTracing\DxrRayTracer.h">
      <Filter>Source Files\RayTrace</Filter>
    </ClInclude>
    <ClInclude Include="Source\Renderer\RayTracing\SWRTExecutor.h">
      <Filter>Source Files\RayTrace</Filter>
    </ClInclude>
    <ClInclude Include="Source\Renderer\Passes\RayTracingRenderNode.h">
      <Filter>Source Files\RenderNode</Filter>
    </ClInclude>
    <ClInclude Include="Source\Renderer\Core\RayTracingStats.h">
      <Filter>Header Files</Filter>
    </ClInclude>
    <ClInclude Include="Source\Renderer\Scene\SceneSubmitter.h">
      <Filter>Header Files</Filter>
    </ClInclude>
    <ClInclude Include="Source\Renderer\Passes\VolumetricCloudRenderNode.h">
      <Filter>Header Files\RenderNode</Filter>
    </ClInclude>
    <ClInclude Include="Source\Renderer\Passes\ProceduralSkyRenderNode.h">
      <Filter>Header Files\RenderNode</Filter>
    </ClInclude>
    <ClInclude Include="Source\Renderer\Passes\SdfFluidRenderNode.h">
      <Filter>Header Files\RenderNode</Filter>
    </ClInclude>
    <ClInclude Include="Source\Renderer\Passes\RayMarchRenderNode.h">
      <Filter>Header Files\RenderNode</Filter>
    </ClInclude>
  </ItemGroup>
  <ItemGroup>
    <ClCompile Include="Source\Renderer\Scene\MeshBuffer.cpp">
      <Filter>Source Files</Filter>
    </ClCompile>
    <ClCompile Include="Source\Renderer\Scene\DrawCommandBuilder.cpp">
      <Filter>Source Files</Filter>
    </ClCompile>
    <ClCompile Include="Source\Renderer\Core\RenderGraph.cpp">
      <Filter>Source Files</Filter>
    </ClCompile>
    <ClCompile Include="Source\Renderer\Core\RenderTargetPool.cpp">
      <Filter>Source Files</Filter>
    </ClCompile>
    <ClCompile Include="Source\Renderer\Core\Renderer.cpp">
      <Filter>Source Files</Filter>
    </ClCompile>
    <ClCompile Include="Source\Renderer\Core\SrvDescriptorAllocator.cpp">
      <Filter>Source Files</Filter>
    </ClCompile>
    <ClCompile Include="Source\Renderer\Core\RenderPassRegistry.cpp">
      <Filter>Source Files</Filter>
    </ClCompile>
    <ClCompile Include="Source\Renderer\Core\RendererFrameCoordinator.cpp">
      <Filter>Source Files</Filter>
    </ClCompile>
    <ClCompile Include="Source\Renderer\Core\RenderPipelineStateCache.cpp">
      <Filter>Source Files</Filter>
    </ClCompile>
    <ClCompile Include="Source\Renderer\Core\Dx12GraphicsDevice.cpp">
      <Filter>Source Files</Filter>
    </ClCompile>
    <ClCompile Include="Source\Renderer\Scene\LightSystem.cpp">
      <Filter>Source Files</Filter>
    </ClCompile>
    <ClCompile Include="Source\Renderer\Scene\Skybox.cpp">
      <Filter>Source Files</Filter>
    </ClCompile>
    <ClCompile Include="Source\Renderer\Passes\SkyboxRenderNode.cpp">
      <Filter>Source Files\RenderNode</Filter>
    </ClCompile>
    <ClCompile Include="Source\Renderer\Passes\ShadowRenderNode.cpp">
      <Filter>Source Files\RenderNode</Filter>
    </ClCompile>
    <ClCompile Include="Source\Renderer\Passes\OpaqueRenderNode.cpp">
      <Filter>Source Files\RenderNode</Filter>
    </ClCompile>
    <ClCompile Include="Source\Renderer\Passes\LightingRenderNode.cpp">
      <Filter>Source Files\RenderNode</Filter>
    </ClCompile>
    <ClCompile Include="Source\Renderer\Passes\TransparentRenderNode.cpp">
      <Filter>Source Files\RenderNode</Filter>
    </ClCompile>
    <ClCompile Include="Source\Renderer\Passes\TransparentLightingRenderNode.cpp">
      <Filter>Source Files\RenderNode</Filter>
    </ClCompile>
    <ClCompile Include="Source\Renderer\Passes\PostProcessRenderNode.cpp">
      <Filter>Source Files\RenderNode</Filter>
    </ClCompile>
    <ClCompile Include="Source\Renderer\Utilities\ResourceUploadUtility.cpp">
      <Filter>Source Files\Tools</Filter>
    </ClCompile>
    <ClCompile Include="Source\Renderer\Utilities\RendererMathUtility.cpp">
      <Filter>Source Files\Tools</Filter>
    </ClCompile>
    <ClCompile Include="Source\Renderer\RayTracing\SoftwareRayTracer.cpp">
      <Filter>Source Files\RayTrace</Filter>
    </ClCompile>
    <ClCompile Include="Source\Renderer\RayTracing\GpuSoftwareRayTracer.cpp">
      <Filter>Source Files\RayTrace</Filter>
    </ClCompile>
    <ClCompile Include="Source\Renderer\RayTracing\DxrRayTracer.cpp">
      <Filter>Source Files\RayTrace</Filter>
    </ClCompile>
    <ClCompile Include="Source\Renderer\RayTracing\SWRTExecutor.cpp">
      <Filter>Source Files\RayTrace</Filter>
    </ClCompile>
    <ClCompile Include="Source\Renderer\Scene\SceneSubmitter.cpp">
      <Filter>Source Files</Filter>
    </ClCompile>
    <ClCompile Include="Source\Renderer\Passes\RayTracingRenderNode.cpp">
      <Filter>Source Files\RenderNode</Filter>
    </ClCompile>
    <ClCompile Include="Source\Renderer\Passes\SSAORenderNode.cpp">
      <Filter>Source Files\RenderNode</Filter>
    </ClCompile>
    <ClCompile Include="Source\Renderer\Passes\DebugProbeGridRenderNode.cpp">
      <Filter>Source Files\RenderNode</Filter>
    </ClCompile>
    <ClCompile Include="Source\Renderer\GI\IrradianceProbeGrid.cpp">
      <Filter>Source Files\GI</Filter>
    </ClCompile>
    <ClCompile Include="Source\Renderer\Passes\ProceduralSkyRenderNode.cpp">
      <Filter>Source Files\RenderNode</Filter>
    </ClCompile>
    <ClCompile Include="Source\Renderer\Passes\SdfFluidRenderNode.cpp">
      <Filter>Source Files\RenderNode</Filter>
    </ClCompile>
    <ClCompile Include="Source\Renderer\Passes\RayMarchRenderNode.cpp">
      <Filter>Source Files\RenderNode</Filter>
    </ClCompile>
    <ClCompile Include="Source\Renderer\Passes\VolumetricCloudRenderNode.cpp">
      <Filter>Source Files\RenderNode</Filter>
    </ClCompile>
  </ItemGroup>
  <ItemGroup>
    <CustomBuild Include="Source\Renderer\Shaders\CookTorranceGGX_VS.hlsl">
      <Filter>Shader Files</Filter>
    </CustomBuild>
    <CustomBuild Include="Source\Renderer\Shaders\CookTorranceGGX_PS.hlsl">
      <Filter>Shader Files</Filter>
    </CustomBuild>
    <CustomBuild Include="Source\Renderer\Shaders\Opaque_VS.hlsl">
      <Filter>Shader Files</Filter>
    </CustomBuild>
    <CustomBuild Include="Source\Renderer\Shaders\Opaque_PS.hlsl">
      <Filter>Shader Files</Filter>
    </CustomBuild>
    <CustomBuild Include="Source\Renderer\Shaders\Skybox\Skybox_VS.hlsl">
      <Filter>Shader Files\Skybox</Filter>
    </CustomBuild>
    <CustomBuild Include="Source\Renderer\Shaders\Skybox\Skybox_HDR_PS.hlsl">
      <Filter>Shader Files\Skybox</Filter>
    </CustomBuild>
    <CustomBuild Include="Source\Renderer\Shaders\Skybox\Skybox_PS.hlsl">
      <Filter>Shader Files\Skybox</Filter>
    </CustomBuild>
    <CustomBuild Include="Source\Renderer\Shaders\Tessellation_VS.hlsl">
      <Filter>Shader Files</Filter>
    </CustomBuild>
    <CustomBuild Include="Source\Renderer\Shaders\Tessellation_HS.hlsl">
      <Filter>Shader Files</Filter>
    </CustomBuild>
    <CustomBuild Include="Source\Renderer\Shaders\Tessellation_DS.hlsl">
      <Filter>Shader Files</Filter>
    </CustomBuild>
    <CustomBuild Include="Source\Renderer\Shaders\Tessellation_GS.hlsl">
      <Filter>Shader Files</Filter>
    </CustomBuild>
    <CustomBuild Include="Source\Renderer\Shaders\SSAO\SSAO_VS.hlsl">
      <Filter>Shader Files\SSAO</Filter>
    </CustomBuild>
    <CustomBuild Include="Source\Renderer\Shaders\SSAO\SSAO_PS.hlsl">
      <Filter>Shader Files\SSAO</Filter>
    </CustomBuild>
    <CustomBuild Include="Source\Renderer\Shaders\VolumetricCloud\VolumetricCloud_VS.hlsl">
      <Filter>Shader Files\VolumetricCloud</Filter>
    </CustomBuild>
    <CustomBuild Include="Source\Renderer\Shaders\VolumetricCloud\VolumetricCloud_PS.hlsl">
      <Filter>Shader Files\VolumetricCloud</Filter>
    </CustomBuild>
    <CustomBuild Include="Source\Renderer\Shaders\RayMarch\RayMarch_VS.hlsl">
      <Filter>Shader Files\RayMarch</Filter>
    </CustomBuild>
    <CustomBuild Include="Source\Renderer\Shaders\RayMarch\RayMarch_PS.hlsl">
      <Filter>Shader Files\RayMarch</Filter>
    </CustomBuild>
  </ItemGroup>
  <ItemGroup>
    <None Include="Source\Renderer\Shaders\GI\GI_Common.hlsli">
      <Filter>Shader Files\GI</Filter>
    </None>
    <None Include="Source\Renderer\Shaders\GI\GI_ProbeUpdate_CS.hlsl">
      <Filter>Shader Files\GI</Filter>
    </None>
    <None Include="Source\Renderer\Shaders\Debug\DebugProbeGrid_VS.hlsl">
      <Filter>Shader Files\Debug</Filter>
    </None>
    <None Include="Source\Renderer\Shaders\Debug\DebugProbeGrid_PS.hlsl">
      <Filter>Shader Files\Debug</Filter>
    </None>
    <None Include="Source\Renderer\Shaders\Debug\Tessellation_Debug_PS.hlsl">
      <Filter>Shader Files\Debug</Filter>
    </None>
  </ItemGroup>
</Project>